
Microsoft Visual Studio Solution File, Format Version 12.00
# Visual Studio Version 17
VisualStudioVersion = 17.4.33122.133
MinimumVisualStudioVersion = 10.0.40219.1
Project("{FAE04EC0-301F-11D3-BF4B-00C04F79EFBC}") = "VT-UI Demo", "VT-UI Demo.csproj", "{C0CE0DF4-AD15-4637-BFC7-8E7C7FB2B1EE}"
EndProject
Global
	GlobalSection(SolutionConfigurationPlatforms) = preSolution
		Debug|Any CPU = Debug|Any CPU
		Release|Any CPU = Release|Any CPU
	EndGlobalSection
	GlobalSection(ProjectConfigurationPlatforms) = postSolution
		{C0CE0DF4-AD15-4637-BFC7-8E7C7FB2B1EE}.Debug|Any CPU.ActiveCfg = Debug|Any CPU
		{C0CE0DF4-AD15-4637-BFC7-8E7C7FB2B1EE}.Debug|Any CPU.Build.0 = Debug|Any CPU
		{C0CE0DF4-AD15-4637-BFC7-8E7C7FB2B1EE}.Release|Any CPU.ActiveCfg = Release|Any CPU
		{C0CE0DF4-AD15-4637-BFC7-8E7C7FB2B1EE}.Release|Any CPU.Build.0 = Release|Any CPU
	EndGlobalSection
	GlobalSection(SolutionProperties) = preSolution
		HideSolutionNode = FALSE
	EndGlobalSection
	GlobalSection(ExtensibilityGlobals) = postSolution
		SolutionGuid = {1E0BF9A6-B5D1-46EC-9C17-80E0F25CFBAE}
	EndGlobalSection
EndGlobal
